// !$*UTF8*$!
{
	archiveVersion = 1;
	classes = {
	};
	objectVersion = 46;
	objects = {

/* Begin PBXBuildFile section */
		3734832C1A2FC35B004BBFA4 /* TPKeyboardAvoidingScrollView.m in Sources */ = {isa = PBXBuildFile; fileRef = 3734832B1A2FC35A004BBFA4 /* TPKeyboardAvoidingScrollView.m */; };
		3734832F1A2FC469004BBFA4 /* UIScrollView+TPKeyboardAvoidingAdditions.m in Sources */ = {isa = PBXBuildFile; fileRef = 3734832E1A2FC469004BBFA4 /* UIScrollView+TPKeyboardAvoidingAdditions.m */; };
		37989BAC1A2E990100095C94 /* Med.m in Sources */ = {isa = PBXBuildFile; fileRef = 37989BAB1A2E990100095C94 /* Med.m */; };
		37989BAF1A2E990200095C94 /* Reminder.m in Sources */ = {isa = PBXBuildFile; fileRef = 37989BAE1A2E990200095C94 /* Reminder.m */; };
		AEA4B4271A2E4C04000AB0D5 /* iMedListTests.m in Sources */ = {isa = PBXBuildFile; fileRef = AEA4B4261A2E4C04000AB0D5 /* iMedListTests.m */; };
		AEA4B4421A2E4E40000AB0D5 /* LaunchScreen.xib in Resources */ = {isa = PBXBuildFile; fileRef = AEA4B4311A2E4E40000AB0D5 /* LaunchScreen.xib */; };
		AEA4B4431A2E4E40000AB0D5 /* Main.storyboard in Resources */ = {isa = PBXBuildFile; fileRef = AEA4B4331A2E4E40000AB0D5 /* Main.storyboard */; };
		AEA4B4441A2E4E40000AB0D5 /* Images.xcassets in Resources */ = {isa = PBXBuildFile; fileRef = AEA4B4361A2E4E40000AB0D5 /* Images.xcassets */; };
		AEA4B4461A2E4E40000AB0D5 /* iMedList.xcdatamodeld in Sources */ = {isa = PBXBuildFile; fileRef = AEA4B4391A2E4E40000AB0D5 /* iMedList.xcdatamodeld */; };
		AEA4B4471A2E4E40000AB0D5 /* AppDelegate.m in Sources */ = {isa = PBXBuildFile; fileRef = AEA4B43D1A2E4E40000AB0D5 /* AppDelegate.m */; };
		AEA4B4481A2E4E40000AB0D5 /* main.m in Sources */ = {isa = PBXBuildFile; fileRef = AEA4B43E1A2E4E40000AB0D5 /* main.m */; };
		AEB1C7401A2E542E00B631B7 /* MedListTableViewController.m in Sources */ = {isa = PBXBuildFile; fileRef = AEB1C73F1A2E542E00B631B7 /* MedListTableViewController.m */; };
		AEB1C7431A2E54A900B631B7 /* RemindersTableViewController.m in Sources */ = {isa = PBXBuildFile; fileRef = AEB1C7421A2E54A900B631B7 /* RemindersTableViewController.m */; };
		AEB1C7461A2E559600B631B7 /* EmailViewController.m in Sources */ = {isa = PBXBuildFile; fileRef = AEB1C7451A2E559600B631B7 /* EmailViewController.m */; };
		AEB1C7491A2E567800B631B7 /* AddMedViewController.m in Sources */ = {isa = PBXBuildFile; fileRef = AEB1C7481A2E567800B631B7 /* AddMedViewController.m */; };
		AEB1C74C1A2E574E00B631B7 /* MedPickerViewController.m in Sources */ = {isa = PBXBuildFile; fileRef = AEB1C74B1A2E574E00B631B7 /* MedPickerViewController.m */; };
		AEB1C74F1A2E580100B631B7 /* EditMedViewController.m in Sources */ = {isa = PBXBuildFile; fileRef = AEB1C74E1A2E580100B631B7 /* EditMedViewController.m */; };
		AEB1C7521A2E585F00B631B7 /* AddReminderViewController.m in Sources */ = {isa = PBXBuildFile; fileRef = AEB1C7511A2E585F00B631B7 /* AddReminderViewController.m */; };
		AEC67EF11A2F4B4C00E74A6C /* iMedFullList.sqlite in Resources */ = {isa = PBXBuildFile; fileRef = AEC67EF01A2F4B4C00E74A6C /* iMedFullList.sqlite */; };
		AEC67EF31A2F4BF000E74A6C /* libsqlite3.dylib in Frameworks */ = {isa = PBXBuildFile; fileRef = AEC67EF21A2F4BF000E74A6C /* libsqlite3.dylib */; };
		AEC67EF51A2F6BCA00E74A6C /* MessageUI.framework in Frameworks */ = {isa = PBXBuildFile; fileRef = AEC67EF41A2F6BCA00E74A6C /* MessageUI.framework */; };
/* End PBXBuildFile section */

/* Begin PBXContainerItemProxy section */
		AEA4B4211A2E4C04000AB0D5 /* PBXContainerItemProxy */ = {
			isa = PBXContainerItemProxy;
			containerPortal = AEA4B3FC1A2E4C04000AB0D5 /* Project object */;
			proxyType = 1;
			remoteGlobalIDString = AEA4B4031A2E4C04000AB0D5;
			remoteInfo = iMedList;
		};
/* End PBXContainerItemProxy section */

/* Begin PBXFileReference section */
		3734832A1A2FC35A004BBFA4 /* TPKeyboardAvoidingScrollView.h */ = {isa = PBXFileReference; fileEncoding = 4; lastKnownFileType = sourcecode.c.h; path = TPKeyboardAvoidingScrollView.h; sourceTree = "<group>"; };
		3734832B1A2FC35A004BBFA4 /* TPKeyboardAvoidingScrollView.m */ = {isa = PBXFileReference; fileEncoding = 4; lastKnownFileType = sourcecode.c.objc; path = TPKeyboardAvoidingScrollView.m; sourceTree = "<group>"; };
		3734832D1A2FC469004BBFA4 /* UIScrollView+TPKeyboardAvoidingAdditions.h */ = {isa = PBXFileReference; fileEncoding = 4; lastKnownFileType = sourcecode.c.h; path = "UIScrollView+TPKeyboardAvoidingAdditions.h"; sourceTree = "<group>"; };
		3734832E1A2FC469004BBFA4 /* UIScrollView+TPKeyboardAvoidingAdditions.m */ = {isa = PBXFileReference; fileEncoding = 4; lastKnownFileType = sourcecode.c.objc; path = "UIScrollView+TPKeyboardAvoidingAdditions.m"; sourceTree = "<group>"; };
		37989BAA1A2E990100095C94 /* Med.h */ = {isa = PBXFileReference; fileEncoding = 4; lastKnownFileType = sourcecode.c.h; path = Med.h; sourceTree = "<group>"; };
		37989BAB1A2E990100095C94 /* Med.m */ = {isa = PBXFileReference; fileEncoding = 4; lastKnownFileType = sourcecode.c.objc; path = Med.m; sourceTree = "<group>"; };
		37989BAD1A2E990200095C94 /* Reminder.h */ = {isa = PBXFileReference; fileEncoding = 4; lastKnownFileType = sourcecode.c.h; path = Reminder.h; sourceTree = "<group>"; };
		37989BAE1A2E990200095C94 /* Reminder.m */ = {isa = PBXFileReference; fileEncoding = 4; lastKnownFileType = sourcecode.c.objc; path = Reminder.m; sourceTree = "<group>"; };
		AEA4B4041A2E4C04000AB0D5 /* iMedList.app */ = {isa = PBXFileReference; explicitFileType = wrapper.application; includeInIndex = 0; path = iMedList.app; sourceTree = BUILT_PRODUCTS_DIR; };
		AEA4B4201A2E4C04000AB0D5 /* iMedListTests.xctest */ = {isa = PBXFileReference; explicitFileType = wrapper.cfbundle; includeInIndex = 0; path = iMedListTests.xctest; sourceTree = BUILT_PRODUCTS_DIR; };
		AEA4B4251A2E4C04000AB0D5 /* Info.plist */ = {isa = PBXFileReference; lastKnownFileType = text.plist.xml; path = Info.plist; sourceTree = "<group>"; };
		AEA4B4261A2E4C04000AB0D5 /* iMedListTests.m */ = {isa = PBXFileReference; lastKnownFileType = sourcecode.c.objc; path = iMedListTests.m; sourceTree = "<group>"; };
		AEA4B4321A2E4E40000AB0D5 /* Base */ = {isa = PBXFileReference; lastKnownFileType = file.xib; name = Base; path = Base.lproj/LaunchScreen.xib; sourceTree = "<group>"; };
		AEA4B4341A2E4E40000AB0D5 /* Base */ = {isa = PBXFileReference; lastKnownFileType = file.storyboard; name = Base; path = Base.lproj/Main.storyboard; sourceTree = "<group>"; };
		AEA4B4361A2E4E40000AB0D5 /* Images.xcassets */ = {isa = PBXFileReference; lastKnownFileType = folder.assetcatalog; path = Images.xcassets; sourceTree = "<group>"; };
		AEA4B4371A2E4E40000AB0D5 /* Info.plist */ = {isa = PBXFileReference; fileEncoding = 4; lastKnownFileType = text.plist.xml; path = Info.plist; sourceTree = "<group>"; };
		AEA4B43A1A2E4E40000AB0D5 /* iMedList.xcdatamodel */ = {isa = PBXFileReference; lastKnownFileType = wrapper.xcdatamodel; path = iMedList.xcdatamodel; sourceTree = "<group>"; };
		AEA4B43C1A2E4E40000AB0D5 /* AppDelegate.h */ = {isa = PBXFileReference; fileEncoding = 4; lastKnownFileType = sourcecode.c.h; path = AppDelegate.h; sourceTree = "<group>"; };
		AEA4B43D1A2E4E40000AB0D5 /* AppDelegate.m */ = {isa = PBXFileReference; fileEncoding = 4; lastKnownFileType = sourcecode.c.objc; path = AppDelegate.m; sourceTree = "<group>"; };
		AEA4B43E1A2E4E40000AB0D5 /* main.m */ = {isa = PBXFileReference; fileEncoding = 4; lastKnownFileType = sourcecode.c.objc; path = main.m; sourceTree = "<group>"; };
		AEB1C73E1A2E542E00B631B7 /* MedListTableViewController.h */ = {isa = PBXFileReference; fileEncoding = 4; lastKnownFileType = sourcecode.c.h; path = MedListTableViewController.h; sourceTree = "<group>"; };
		AEB1C73F1A2E542E00B631B7 /* MedListTableViewController.m */ = {isa = PBXFileReference; fileEncoding = 4; lastKnownFileType = sourcecode.c.objc; path = MedListTableViewController.m; sourceTree = "<group>"; };
		AEB1C7411A2E54A900B631B7 /* RemindersTableViewController.h */ = {isa = PBXFileReference; fileEncoding = 4; lastKnownFileType = sourcecode.c.h; path = RemindersTableViewController.h; sourceTree = "<group>"; };
		AEB1C7421A2E54A900B631B7 /* RemindersTableViewController.m */ = {isa = PBXFileReference; fileEncoding = 4; lastKnownFileType = sourcecode.c.objc; path = RemindersTableViewController.m; sourceTree = "<group>"; };
		AEB1C7441A2E559600B631B7 /* EmailViewController.h */ = {isa = PBXFileReference; fileEncoding = 4; lastKnownFileType = sourcecode.c.h; path = EmailViewController.h; sourceTree = "<group>"; };
		AEB1C7451A2E559600B631B7 /* EmailViewController.m */ = {isa = PBXFileReference; fileEncoding = 4; lastKnownFileType = sourcecode.c.objc; path = EmailViewController.m; sourceTree = "<group>"; };
		AEB1C7471A2E567800B631B7 /* AddMedViewController.h */ = {isa = PBXFileReference; fileEncoding = 4; lastKnownFileType = sourcecode.c.h; path = AddMedViewController.h; sourceTree = "<group>"; };
		AEB1C7481A2E567800B631B7 /* AddMedViewController.m */ = {isa = PBXFileReference; fileEncoding = 4; lastKnownFileType = sourcecode.c.objc; path = AddMedViewController.m; sourceTree = "<group>"; };
		AEB1C74A1A2E574E00B631B7 /* MedPickerViewController.h */ = {isa = PBXFileReference; fileEncoding = 4; lastKnownFileType = sourcecode.c.h; path = MedPickerViewController.h; sourceTree = "<group>"; };
		AEB1C74B1A2E574E00B631B7 /* MedPickerViewController.m */ = {isa = PBXFileReference; fileEncoding = 4; lastKnownFileType = sourcecode.c.objc; path = MedPickerViewController.m; sourceTree = "<group>"; };
		AEB1C74D1A2E580100B631B7 /* EditMedViewController.h */ = {isa = PBXFileReference; fileEncoding = 4; lastKnownFileType = sourcecode.c.h; path = EditMedViewController.h; sourceTree = "<group>"; };
		AEB1C74E1A2E580100B631B7 /* EditMedViewController.m */ = {isa = PBXFileReference; fileEncoding = 4; lastKnownFileType = sourcecode.c.objc; path = EditMedViewController.m; sourceTree = "<group>"; };
		AEB1C7501A2E585F00B631B7 /* AddReminderViewController.h */ = {isa = PBXFileReference; fileEncoding = 4; lastKnownFileType = sourcecode.c.h; path = AddReminderViewController.h; sourceTree = "<group>"; };
		AEB1C7511A2E585F00B631B7 /* AddReminderViewController.m */ = {isa = PBXFileReference; fileEncoding = 4; lastKnownFileType = sourcecode.c.objc; path = AddReminderViewController.m; sourceTree = "<group>"; };
		AEC67EF01A2F4B4C00E74A6C /* iMedFullList.sqlite */ = {isa = PBXFileReference; lastKnownFileType = file; path = iMedFullList.sqlite; sourceTree = "<group>"; };
		AEC67EF21A2F4BF000E74A6C /* libsqlite3.dylib */ = {isa = PBXFileReference; lastKnownFileType = "compiled.mach-o.dylib"; name = libsqlite3.dylib; path = usr/lib/libsqlite3.dylib; sourceTree = SDKROOT; };
		AEC67EF41A2F6BCA00E74A6C /* MessageUI.framework */ = {isa = PBXFileReference; lastKnownFileType = wrapper.framework; name = MessageUI.framework; path = System/Library/Frameworks/MessageUI.framework; sourceTree = SDKROOT; };
/* End PBXFileReference section */

/* Begin PBXFrameworksBuildPhase section */
		AEA4B4011A2E4C04000AB0D5 /* Frameworks */ = {
			isa = PBXFrameworksBuildPhase;
			buildActionMask = 2147483647;
			files = (
				AEC67EF51A2F6BCA00E74A6C /* MessageUI.framework in Frameworks */,
				AEC67EF31A2F4BF000E74A6C /* libsqlite3.dylib in Frameworks */,
			);
			runOnlyForDeploymentPostprocessing = 0;
		};
		AEA4B41D1A2E4C04000AB0D5 /* Frameworks */ = {
			isa = PBXFrameworksBuildPhase;
			buildActionMask = 2147483647;
			files = (
			);
			runOnlyForDeploymentPostprocessing = 0;
		};
/* End PBXFrameworksBuildPhase section */

/* Begin PBXGroup section */
		AEA4B3FB1A2E4C04000AB0D5 = {
			isa = PBXGroup;
			children = (
				AEC67EF41A2F6BCA00E74A6C /* MessageUI.framework */,
				AEC67EF21A2F4BF000E74A6C /* libsqlite3.dylib */,
				AEA4B4231A2E4C04000AB0D5 /* iMedListTests */,
				AEA4B4051A2E4C04000AB0D5 /* Products */,
				AEA4B4301A2E4E40000AB0D5 /* iMedList */,
			);
			sourceTree = "<group>";
		};
		AEA4B4051A2E4C04000AB0D5 /* Products */ = {
			isa = PBXGroup;
			children = (
				AEA4B4041A2E4C04000AB0D5 /* iMedList.app */,
				AEA4B4201A2E4C04000AB0D5 /* iMedListTests.xctest */,
			);
			name = Products;
			sourceTree = "<group>";
		};
		AEA4B4231A2E4C04000AB0D5 /* iMedListTests */ = {
			isa = PBXGroup;
			children = (
				AEA4B4261A2E4C04000AB0D5 /* iMedListTests.m */,
				AEA4B4241A2E4C04000AB0D5 /* Supporting Files */,
			);
			path = iMedListTests;
			sourceTree = "<group>";
		};
		AEA4B4241A2E4C04000AB0D5 /* Supporting Files */ = {
			isa = PBXGroup;
			children = (
				AEA4B4251A2E4C04000AB0D5 /* Info.plist */,
			);
			name = "Supporting Files";
			sourceTree = "<group>";
		};
		AEA4B4301A2E4E40000AB0D5 /* iMedList */ = {
			isa = PBXGroup;
			children = (
				AEA4B4311A2E4E40000AB0D5 /* LaunchScreen.xib */,
				AEA4B4331A2E4E40000AB0D5 /* Main.storyboard */,
				AEA4B4351A2E4E40000AB0D5 /* Controller */,
				AEA4B4361A2E4E40000AB0D5 /* Images.xcassets */,
				AEA4B4371A2E4E40000AB0D5 /* Info.plist */,
				AEA4B4381A2E4E40000AB0D5 /* Model */,
				AEA4B43B1A2E4E40000AB0D5 /* Supporting_Files */,
				AEA4B43F1A2E4E40000AB0D5 /* View */,
			);
			path = iMedList;
			sourceTree = "<group>";
		};
		AEA4B4351A2E4E40000AB0D5 /* Controller */ = {
			isa = PBXGroup;
			children = (
				AEB1C7471A2E567800B631B7 /* AddMedViewController.h */,
				AEB1C7481A2E567800B631B7 /* AddMedViewController.m */,
				AEB1C7501A2E585F00B631B7 /* AddReminderViewController.h */,
				AEB1C7511A2E585F00B631B7 /* AddReminderViewController.m */,
				AEB1C74D1A2E580100B631B7 /* EditMedViewController.h */,
				AEB1C74E1A2E580100B631B7 /* EditMedViewController.m */,
				AEB1C7441A2E559600B631B7 /* EmailViewController.h */,
				AEB1C7451A2E559600B631B7 /* EmailViewController.m */,
				AEB1C73E1A2E542E00B631B7 /* MedListTableViewController.h */,
				AEB1C73F1A2E542E00B631B7 /* MedListTableViewController.m */,
				AEB1C74A1A2E574E00B631B7 /* MedPickerViewController.h */,
				AEB1C74B1A2E574E00B631B7 /* MedPickerViewController.m */,
				AEB1C7411A2E54A900B631B7 /* RemindersTableViewController.h */,
				AEB1C7421A2E54A900B631B7 /* RemindersTableViewController.m */,
			);
			path = Controller;
			sourceTree = "<group>";
		};
		AEA4B4381A2E4E40000AB0D5 /* Model */ = {
			isa = PBXGroup;
			children = (
				AEC67EF01A2F4B4C00E74A6C /* iMedFullList.sqlite */,
				AEA4B4391A2E4E40000AB0D5 /* iMedList.xcdatamodeld */,
				37989BAD1A2E990200095C94 /* Reminder.h */,
				37989BAE1A2E990200095C94 /* Reminder.m */,
				37989BAA1A2E990100095C94 /* Med.h */,
				37989BAB1A2E990100095C94 /* Med.m */,
			);
			path = Model;
			sourceTree = "<group>";
		};
		AEA4B43B1A2E4E40000AB0D5 /* Supporting_Files */ = {
			isa = PBXGroup;
			children = (
				AEA4B43C1A2E4E40000AB0D5 /* AppDelegate.h */,
				AEA4B43D1A2E4E40000AB0D5 /* AppDelegate.m */,
				3734832D1A2FC469004BBFA4 /* UIScrollView+TPKeyboardAvoidingAdditions.h */,
				3734832E1A2FC469004BBFA4 /* UIScrollView+TPKeyboardAvoidingAdditions.m */,
				3734832A1A2FC35A004BBFA4 /* TPKeyboardAvoidingScrollView.h */,
				3734832B1A2FC35A004BBFA4 /* TPKeyboardAvoidingScrollView.m */,
				AEA4B43E1A2E4E40000AB0D5 /* main.m */,
			);
			path = Supporting_Files;
			sourceTree = "<group>";
		};
		AEA4B43F1A2E4E40000AB0D5 /* View */ = {
			isa = PBXGroup;
			children = (
			);
			path = View;
			sourceTree = "<group>";
		};
/* End PBXGroup section */

/* Begin PBXNativeTarget section */
		AEA4B4031A2E4C04000AB0D5 /* iMedList */ = {
			isa = PBXNativeTarget;
			buildConfigurationList = AEA4B42A1A2E4C04000AB0D5 /* Build configuration list for PBXNativeTarget "iMedList" */;
			buildPhases = (
				AEA4B4001A2E4C04000AB0D5 /* Sources */,
				AEA4B4011A2E4C04000AB0D5 /* Frameworks */,
				AEA4B4021A2E4C04000AB0D5 /* Resources */,
			);
			buildRules = (
			);
			dependencies = (
			);
			name = iMedList;
			productName = iMedList;
			productReference = AEA4B4041A2E4C04000AB0D5 /* iMedList.app */;
			productType = "com.apple.product-type.application";
		};
		AEA4B41F1A2E4C04000AB0D5 /* iMedListTests */ = {
			isa = PBXNativeTarget;
			buildConfigurationList = AEA4B42D1A2E4C04000AB0D5 /* Build configuration list for PBXNativeTarget "iMedListTests" */;
			buildPhases = (
				AEA4B41C1A2E4C04000AB0D5 /* Sources */,
				AEA4B41D1A2E4C04000AB0D5 /* Frameworks */,
				AEA4B41E1A2E4C04000AB0D5 /* Resources */,
			);
			buildRules = (
			);
			dependencies = (
				AEA4B4221A2E4C04000AB0D5 /* PBXTargetDependency */,
			);
			name = iMedListTests;
			productName = iMedListTests;
			productReference = AEA4B4201A2E4C04000AB0D5 /* iMedListTests.xctest */;
			productType = "com.apple.product-type.bundle.unit-test";
		};
/* End PBXNativeTarget section */

/* Begin PBXProject section */
		AEA4B3FC1A2E4C04000AB0D5 /* Project object */ = {
			isa = PBXProject;
			attributes = {
				LastUpgradeCheck = 0610;
				ORGANIZATIONNAME = TheAppCodeLLC;
				TargetAttributes = {
					AEA4B4031A2E4C04000AB0D5 = {
						CreatedOnToolsVersion = 6.1;
						DevelopmentTeam = YYGJLW3VCQ;
					};
					AEA4B41F1A2E4C04000AB0D5 = {
						CreatedOnToolsVersion = 6.1;
						TestTargetID = AEA4B4031A2E4C04000AB0D5;
					};
				};
			};
			buildConfigurationList = AEA4B3FF1A2E4C04000AB0D5 /* Build configuration list for PBXProject "iMedList" */;
			compatibilityVersion = "Xcode 3.2";
			developmentRegion = English;
			hasScannedForEncodings = 0;
			knownRegions = (
				en,
				Base,
			);
			mainGroup = AEA4B3FB1A2E4C04000AB0D5;
			productRefGroup = AEA4B4051A2E4C04000AB0D5 /* Products */;
			projectDirPath = "";
			projectRoot = "";
			targets = (
				AEA4B4031A2E4C04000AB0D5 /* iMedList */,
				AEA4B41F1A2E4C04000AB0D5 /* iMedListTests */,
			);
		};
/* End PBXProject section */

/* Begin PBXResourcesBuildPhase section */
		AEA4B4021A2E4C04000AB0D5 /* Resources */ = {
			isa = PBXResourcesBuildPhase;
			buildActionMask = 2147483647;
			files = (
				AEC67EF11A2F4B4C00E74A6C /* iMedFullList.sqlite in Resources */,
				AEA4B4441A2E4E40000AB0D5 /* Images.xcassets in Resources */,
				AEA4B4421A2E4E40000AB0D5 /* LaunchScreen.xib in Resources */,
				AEA4B4431A2E4E40000AB0D5 /* Main.storyboard in Resources */,
			);
			runOnlyForDeploymentPostprocessing = 0;
		};
		AEA4B41E1A2E4C04000AB0D5 /* Resources */ = {
			isa = PBXResourcesBuildPhase;
			buildActionMask = 2147483647;
			files = (
			);
			runOnlyForDeploymentPostprocessing = 0;
		};
/* End PBXResourcesBuildPhase section */

/* Begin PBXSourcesBuildPhase section */
		AEA4B4001A2E4C04000AB0D5 /* Sources */ = {
			isa = PBXSourcesBuildPhase;
			buildActionMask = 2147483647;
			files = (
				3734832C1A2FC35B004BBFA4 /* TPKeyboardAvoidingScrollView.m in Sources */,
				37989BAC1A2E990100095C94 /* Med.m in Sources */,
				AEB1C7521A2E585F00B631B7 /* AddReminderViewController.m in Sources */,
				3734832F1A2FC469004BBFA4 /* UIScrollView+TPKeyboardAvoidingAdditions.m in Sources */,
				AEB1C7431A2E54A900B631B7 /* RemindersTableViewController.m in Sources */,
				AEB1C7491A2E567800B631B7 /* AddMedViewController.m in Sources */,
				AEB1C74F1A2E580100B631B7 /* EditMedViewController.m in Sources */,
				AEB1C7401A2E542E00B631B7 /* MedListTableViewController.m in Sources */,
				AEA4B4471A2E4E40000AB0D5 /* AppDelegate.m in Sources */,
				37989BAF1A2E990200095C94 /* Reminder.m in Sources */,
				AEB1C7461A2E559600B631B7 /* EmailViewController.m in Sources */,
				AEA4B4481A2E4E40000AB0D5 /* main.m in Sources */,
				AEA4B4461A2E4E40000AB0D5 /* iMedList.xcdatamodeld in Sources */,
				AEB1C74C1A2E574E00B631B7 /* MedPickerViewController.m in Sources */,
			);
			runOnlyForDeploymentPostprocessing = 0;
		};
		AEA4B41C1A2E4C04000AB0D5 /* Sources */ = {
			isa = PBXSourcesBuildPhase;
			buildActionMask = 2147483647;
			files = (
				AEA4B4271A2E4C04000AB0D5 /* iMedListTests.m in Sources */,
			);
			runOnlyForDeploymentPostprocessing = 0;
		};
/* End PBXSourcesBuildPhase section */

/* Begin PBXTargetDependency section */
		AEA4B4221A2E4C04000AB0D5 /* PBXTargetDependency */ = {
			isa = PBXTargetDependency;
			target = AEA4B4031A2E4C04000AB0D5 /* iMedList */;
			targetProxy = AEA4B4211A2E4C04000AB0D5 /* PBXContainerItemProxy */;
		};
/* End PBXTargetDependency section */

/* Begin PBXVariantGroup section */
		AEA4B4311A2E4E40000AB0D5 /* LaunchScreen.xib */ = {
			isa = PBXVariantGroup;
			children = (
				AEA4B4321A2E4E40000AB0D5 /* Base */,
			);
			name = LaunchScreen.xib;
			sourceTree = "<group>";
		};
		AEA4B4331A2E4E40000AB0D5 /* Main.storyboard */ = {
			isa = PBXVariantGroup;
			children = (
				AEA4B4341A2E4E40000AB0D5 /* Base */,
			);
			name = Main.storyboard;
			sourceTree = "<group>";
		};
/* End PBXVariantGroup section */

/* Begin XCBuildConfiguration section */
		AEA4B4281A2E4C04000AB0D5 /* Debug */ = {
			isa = XCBuildConfiguration;
			buildSettings = {
				ALWAYS_SEARCH_USER_PATHS = NO;
				CLANG_CXX_LANGUAGE_STANDARD = "gnu++0x";
				CLANG_CXX_LIBRARY = "libc++";
				CLANG_ENABLE_MODULES = YES;
				CLANG_ENABLE_OBJC_ARC = YES;
				CLANG_WARN_BOOL_CONVERSION = YES;
				CLANG_WARN_CONSTANT_CONVERSION = YES;
				CLANG_WARN_DIRECT_OBJC_ISA_USAGE = YES_ERROR;
				CLANG_WARN_EMPTY_BODY = YES;
				CLANG_WARN_ENUM_CONVERSION = YES;
				CLANG_WARN_INT_CONVERSION = YES;
				CLANG_WARN_OBJC_ROOT_CLASS = YES_ERROR;
				CLANG_WARN_UNREACHABLE_CODE = YES;
				CLANG_WARN__DUPLICATE_METHOD_MATCH = YES;
				"CODE_SIGN_IDENTITY[sdk=iphoneos*]" = "iPhone Developer";
				COPY_PHASE_STRIP = NO;
				ENABLE_STRICT_OBJC_MSGSEND = YES;
				GCC_C_LANGUAGE_STANDARD = gnu99;
				GCC_DYNAMIC_NO_PIC = NO;
				GCC_OPTIMIZATION_LEVEL = 0;
				GCC_PREPROCESSOR_DEFINITIONS = (
					"DEBUG=1",
					"$(inherited)",
				);
				GCC_SYMBOLS_PRIVATE_EXTERN = NO;
				GCC_WARN_64_TO_32_BIT_CONVERSION = YES;
				GCC_WARN_ABOUT_RETURN_TYPE = YES_ERROR;
				GCC_WARN_UNDECLARED_SELECTOR = YES;
				GCC_WARN_UNINITIALIZED_AUTOS = YES_AGGRESSIVE;
				GCC_WARN_UNUSED_FUNCTION = YES;
				GCC_WARN_UNUSED_VARIABLE = YES;
				IPHONEOS_DEPLOYMENT_TARGET = 8.1;
				MTL_ENABLE_DEBUG_INFO = YES;
				ONLY_ACTIVE_ARCH = YES;
				SDKROOT = iphoneos;
			};
			name = Debug;
		};
		AEA4B4291A2E4C04000AB0D5 /* Release */ = {
			isa = XCBuildConfiguration;
			buildSettings = {
				ALWAYS_SEARCH_USER_PATHS = NO;
				CLANG_CXX_LANGUAGE_STANDARD = "gnu++0x";
				CLANG_CXX_LIBRARY = "libc++";
				CLANG_ENABLE_MODULES = YES;
				CLANG_ENABLE_OBJC_ARC = YES;
				CLANG_WARN_BOOL_CONVERSION = YES;
				CLANG_WARN_CONSTANT_CONVERSION = YES;
				CLANG_WARN_DIRECT_OBJC_ISA_USAGE = YES_ERROR;
				CLANG_WARN_EMPTY_BODY = YES;
				CLANG_WARN_ENUM_CONVERSION = YES;
				CLANG_WARN_INT_CONVERSION = YES;
				CLANG_WARN_OBJC_ROOT_CLASS = YES_ERROR;
				CLANG_WARN_UNREACHABLE_CODE = YES;
				CLANG_WARN__DUPLICATE_METHOD_MATCH = YES;
				"CODE_SIGN_IDENTITY[sdk=iphoneos*]" = "iPhone Developer";
				COPY_PHASE_STRIP = YES;
				ENABLE_NS_ASSERTIONS = NO;
				ENABLE_STRICT_OBJC_MSGSEND = YES;
				GCC_C_LANGUAGE_STANDARD = gnu99;
				GCC_WARN_64_TO_32_BIT_CONVERSION = YES;
				GCC_WARN_ABOUT_RETURN_TYPE = YES_ERROR;
				GCC_WARN_UNDECLARED_SELECTOR = YES;
				GCC_WARN_UNINITIALIZED_AUTOS = YES_AGGRESSIVE;
				GCC_WARN_UNUSED_FUNCTION = YES;
				GCC_WARN_UNUSED_VARIABLE = YES;
				IPHONEOS_DEPLOYMENT_TARGET = 8.1;
				MTL_ENABLE_DEBUG_INFO = NO;
				SDKROOT = iphoneos;
				VALIDATE_PRODUCT = YES;
			};
			name = Release;
		};
		AEA4B42B1A2E4C04000AB0D5 /* Debug */ = {
			isa = XCBuildConfiguration;
			buildSettings = {
				ASSETCATALOG_COMPILER_APPICON_NAME = AppIcon;
				INFOPLIST_FILE = iMedList/Info.plist;
				LD_RUNPATH_SEARCH_PATHS = "$(inherited) @executable_path/Frameworks";
				PRODUCT_NAME = "$(TARGET_NAME)";
			};
			name = Debug;
		};
		AEA4B42C1A2E4C04000AB0D5 /* Release */ = {
			isa = XCBuildConfiguration;
			buildSettings = {
				ASSETCATALOG_COMPILER_APPICON_NAME = AppIcon;
				INFOPLIST_FILE = iMedList/Info.plist;
				LD_RUNPATH_SEARCH_PATHS = "$(inherited) @executable_path/Frameworks";
				PRODUCT_NAME = "$(TARGET_NAME)";
			};
			name = Release;
		};
		AEA4B42E1A2E4C04000AB0D5 /* Debug */ = {
			isa = XCBuildConfiguration;
			buildSettings = {
				BUNDLE_LOADER = "$(TEST_HOST)";
				FRAMEWORK_SEARCH_PATHS = (
					"$(SDKROOT)/Developer/Library/Frameworks",
					"$(inherited)",
				);
				GCC_PREPROCESSOR_DEFINITIONS = (
					"DEBUG=1",
					"$(inherited)",
				);
				INFOPLIST_FILE = iMedListTests/Info.plist;
				LD_RUNPATH_SEARCH_PATHS = "$(inherited) @executable_path/Frameworks @loader_path/Frameworks";
				PRODUCT_NAME = "$(TARGET_NAME)";
				TEST_HOST = "$(BUILT_PRODUCTS_DIR)/iMedList.app/iMedList";
			};
			name = Debug;
		};
		AEA4B42F1A2E4C04000AB0D5 /* Release */ = {
			isa = XCBuildConfiguration;
			buildSettings = {
				BUNDLE_LOADER = "$(TEST_HOST)";
				FRAMEWORK_SEARCH_PATHS = (
					"$(SDKROOT)/Developer/Library/Frameworks",
					"$(inherited)",
				);
				INFOPLIST_FILE = iMedListTests/Info.plist;
				LD_RUNPATH_SEARCH_PATHS = "$(inherited) @executable_path/Frameworks @loader_path/Frameworks";
				PRODUCT_NAME = "$(TARGET_NAME)";
				TEST_HOST = "$(BUILT_PRODUCTS_DIR)/iMedList.app/iMedList";
			};
			name = Release;
		};
/* End XCBuildConfiguration section */

/* Begin XCConfigurationList section */
		AEA4B3FF1A2E4C04000AB0D5 /* Build configuration list for PBXProject "iMedList" */ = {
			isa = XCConfigurationList;
			buildConfigurations = (
				AEA4B4281A2E4C04000AB0D5 /* Debug */,
				AEA4B4291A2E4C04000AB0D5 /* Release */,
			);
			defaultConfigurationIsVisible = 0;
			defaultConfigurationName = Release;
		};
		AEA4B42A1A2E4C04000AB0D5 /* Build configuration list for PBXNativeTarget "iMedList" */ = {
			isa = XCConfigurationList;
			buildConfigurations = (
				AEA4B42B1A2E4C04000AB0D5 /* Debug */,
				AEA4B42C1A2E4C04000AB0D5 /* Release */,
			);
			defaultConfigurationIsVisible = 0;
			defaultConfigurationName = Release;
		};
		AEA4B42D1A2E4C04000AB0D5 /* Build configuration list for PBXNativeTarget "iMedListTests" */ = {
			isa = XCConfigurationList;
			buildConfigurations = (
				AEA4B42E1A2E4C04000AB0D5 /* Debug */,
				AEA4B42F1A2E4C04000AB0D5 /* Release */,
			);
			defaultConfigurationIsVisible = 0;
			defaultConfigurationName = Release;
		};
/* End XCConfigurationList section */

/* Begin XCVersionGroup section */
		AEA4B4391A2E4E40000AB0D5 /* iMedList.xcdatamodeld */ = {
			isa = XCVersionGroup;
			children = (
				AEA4B43A1A2E4E40000AB0D5 /* iMedList.xcdatamodel */,
			);
			currentVersion = AEA4B43A1A2E4E40000AB0D5 /* iMedList.xcdatamodel */;
			path = iMedList.xcdatamodeld;
			sourceTree = "<group>";
			versionGroupType = wrapper.xcdatamodel;
		};
/* End XCVersionGroup section */
	};
	rootObject = AEA4B3FC1A2E4C04000AB0D5 /* Project object */;
}
